// !$*UTF8*$!
{
	archiveVersion = 1;
	classes = {
	};
	objectVersion = 50;
	objects = {

/* Begin PBXBuildFile section */
		F80ED5A9219C3EBE002B897C /* AppDelegate.swift in Sources */ = {isa = PBXBuildFile; fileRef = F80ED5A8219C3EBE002B897C /* AppDelegate.swift */; };
		F80ED5AB219C3EBE002B897C /* Assets.xcassets in Resources */ = {isa = PBXBuildFile; fileRef = F80ED5AA219C3EBE002B897C /* Assets.xcassets */; };
		F80ED5AE219C3EBE002B897C /* MainMenu.xib in Resources */ = {isa = PBXBuildFile; fileRef = F80ED5AC219C3EBE002B897C /* MainMenu.xib */; };
		F80ED5BD219C3ED7002B897C /* Cocoa.framework in Frameworks */ = {isa = PBXBuildFile; fileRef = F80ED5BC219C3ED7002B897C /* Cocoa.framework */; };
		F80ED5C0219C3ED7002B897C /* SourceEditorExtension.swift in Sources */ = {isa = PBXBuildFile; fileRef = F80ED5BF219C3ED7002B897C /* SourceEditorExtension.swift */; };
		F80ED5C2219C3ED7002B897C /* SourceEditorCommand.swift in Sources */ = {isa = PBXBuildFile; fileRef = F80ED5C1219C3ED7002B897C /* SourceEditorCommand.swift */; };
		F80ED5C7219C3ED7002B897C /* XCode Extension.appex in Embed App Extensions */ = {isa = PBXBuildFile; fileRef = F80ED5BA219C3ED6002B897C /* XCode Extension.appex */; settings = {ATTRIBUTES = (RemoveHeadersOnCopy, ); }; };
/* End PBXBuildFile section */

/* Begin PBXContainerItemProxy section */
		F80ED5C5219C3ED7002B897C /* PBXContainerItemProxy */ = {
			isa = PBXContainerItemProxy;
			containerPortal = F80ED59D219C3EBE002B897C /* Project object */;
			proxyType = 1;
			remoteGlobalIDString = F80ED5B9219C3ED6002B897C;
			remoteInfo = "XCode Extension";
		};
/* End PBXContainerItemProxy section */

/* Begin PBXCopyFilesBuildPhase section */
		F80ED5CB219C3ED7002B897C /* Embed App Extensions */ = {
			isa = PBXCopyFilesBuildPhase;
			buildActionMask = 2147483647;
			dstPath = "";
			dstSubfolderSpec = 13;
			files = (
				F80ED5C7219C3ED7002B897C /* XCode Extension.appex in Embed App Extensions */,
			);
			name = "Embed App Extensions";
			runOnlyForDeploymentPostprocessing = 0;
		};
/* End PBXCopyFilesBuildPhase section */

/* Begin PBXFileReference section */
		F80ED5A5219C3EBE002B897C /* XCode XML Parser Extension.app */ = {isa = PBXFileReference; explicitFileType = wrapper.application; includeInIndex = 0; path = "XCode XML Parser Extension.app"; sourceTree = BUILT_PRODUCTS_DIR; };
		F80ED5A8219C3EBE002B897C /* AppDelegate.swift */ = {isa = PBXFileReference; lastKnownFileType = sourcecode.swift; path = AppDelegate.swift; sourceTree = "<group>"; };
		F80ED5AA219C3EBE002B897C /* Assets.xcassets */ = {isa = PBXFileReference; lastKnownFileType = folder.assetcatalog; path = Assets.xcassets; sourceTree = "<group>"; };
		F80ED5AD219C3EBE002B897C /* Base */ = {isa = PBXFileReference; lastKnownFileType = file.xib; name = Base; path = Base.lproj/MainMenu.xib; sourceTree = "<group>"; };
		F80ED5AF219C3EBE002B897C /* Info.plist */ = {isa = PBXFileReference; lastKnownFileType = text.plist.xml; path = Info.plist; sourceTree = "<group>"; };
		F80ED5B0219C3EBE002B897C /* XCode_XML_Parser_Extension.entitlements */ = {isa = PBXFileReference; lastKnownFileType = text.plist.entitlements; path = XCode_XML_Parser_Extension.entitlements; sourceTree = "<group>"; };
		F80ED5BA219C3ED6002B897C /* XCode Extension.appex */ = {isa = PBXFileReference; explicitFileType = "wrapper.app-extension"; includeInIndex = 0; path = "XCode Extension.appex"; sourceTree = BUILT_PRODUCTS_DIR; };
		F80ED5BC219C3ED7002B897C /* Cocoa.framework */ = {isa = PBXFileReference; lastKnownFileType = wrapper.framework; name = Cocoa.framework; path = System/Library/Frameworks/Cocoa.framework; sourceTree = SDKROOT; };
		F80ED5BF219C3ED7002B897C /* SourceEditorExtension.swift */ = {isa = PBXFileReference; lastKnownFileType = sourcecode.swift; path = SourceEditorExtension.swift; sourceTree = "<group>"; };
		F80ED5C1219C3ED7002B897C /* SourceEditorCommand.swift */ = {isa = PBXFileReference; lastKnownFileType = sourcecode.swift; path = SourceEditorCommand.swift; sourceTree = "<group>"; };
		F80ED5C3219C3ED7002B897C /* Info.plist */ = {isa = PBXFileReference; lastKnownFileType = text.plist.xml; path = Info.plist; sourceTree = "<group>"; };
		F80ED5C4219C3ED7002B897C /* XCode_Extension.entitlements */ = {isa = PBXFileReference; lastKnownFileType = text.plist.entitlements; path = XCode_Extension.entitlements; sourceTree = "<group>"; };
/* End PBXFileReference section */

/* Begin PBXFrameworksBuildPhase section */
		F80ED5A2219C3EBE002B897C /* Frameworks */ = {
			isa = PBXFrameworksBuildPhase;
			buildActionMask = 2147483647;
			files = (
			);
			runOnlyForDeploymentPostprocessing = 0;
		};
		F80ED5B7219C3ED6002B897C /* Frameworks */ = {
			isa = PBXFrameworksBuildPhase;
			buildActionMask = 2147483647;
			files = (
				F80ED5BD219C3ED7002B897C /* Cocoa.framework in Frameworks */,
			);
			runOnlyForDeploymentPostprocessing = 0;
		};
/* End PBXFrameworksBuildPhase section */

/* Begin PBXGroup section */
		F80ED59C219C3EBE002B897C = {
			isa = PBXGroup;
			children = (
				F80ED5A7219C3EBE002B897C /* XCode XML Parser Extension */,
				F80ED5BE219C3ED7002B897C /* XCode Extension */,
				F80ED5BB219C3ED7002B897C /* Frameworks */,
				F80ED5A6219C3EBE002B897C /* Products */,
			);
			sourceTree = "<group>";
		};
		F80ED5A6219C3EBE002B897C /* Products */ = {
			isa = PBXGroup;
			children = (
				F80ED5A5219C3EBE002B897C /* XCode XML Parser Extension.app */,
				F80ED5BA219C3ED6002B897C /* XCode Extension.appex */,
			);
			name = Products;
			sourceTree = "<group>";
		};
		F80ED5A7219C3EBE002B897C /* XCode XML Parser Extension */ = {
			isa = PBXGroup;
			children = (
				F80ED5A8219C3EBE002B897C /* AppDelegate.swift */,
				F80ED5AA219C3EBE002B897C /* Assets.xcassets */,
				F80ED5AC219C3EBE002B897C /* MainMenu.xib */,
				F80ED5AF219C3EBE002B897C /* Info.plist */,
				F80ED5B0219C3EBE002B897C /* XCode_XML_Parser_Extension.entitlements */,
			);
			path = "XCode XML Parser Extension";
			sourceTree = "<group>";
		};
		F80ED5BB219C3ED7002B897C /* Frameworks */ = {
			isa = PBXGroup;
			children = (
				F80ED5BC219C3ED7002B897C /* Cocoa.framework */,
			);
			name = Frameworks;
			sourceTree = "<group>";
		};
		F80ED5BE219C3ED7002B897C /* XCode Extension */ = {
			isa = PBXGroup;
			children = (
				F80ED5BF219C3ED7002B897C /* SourceEditorExtension.swift */,
				F80ED5C1219C3ED7002B897C /* SourceEditorCommand.swift */,
				F80ED5C3219C3ED7002B897C /* Info.plist */,
				F80ED5C4219C3ED7002B897C /* XCode_Extension.entitlements */,
			);
			path = "XCode Extension";
			sourceTree = "<group>";
		};
/* End PBXGroup section */

/* Begin PBXNativeTarget section */
		F80ED5A4219C3EBE002B897C /* XCode XML Parser Extension */ = {
			isa = PBXNativeTarget;
			buildConfigurationList = F80ED5B3219C3EBE002B897C /* Build configuration list for PBXNativeTarget "XCode XML Parser Extension" */;
			buildPhases = (
				F80ED5A1219C3EBE002B897C /* Sources */,
				F80ED5A2219C3EBE002B897C /* Frameworks */,
				F80ED5A3219C3EBE002B897C /* Resources */,
				F80ED5CB219C3ED7002B897C /* Embed App Extensions */,
			);
			buildRules = (
			);
			dependencies = (
				F80ED5C6219C3ED7002B897C /* PBXTargetDependency */,
			);
			name = "XCode XML Parser Extension";
			productName = "XCode XML Parser Extension";
			productReference = F80ED5A5219C3EBE002B897C /* XCode XML Parser Extension.app */;
			productType = "com.apple.product-type.application";
		};
		F80ED5B9219C3ED6002B897C /* XCode Extension */ = {
			isa = PBXNativeTarget;
			buildConfigurationList = F80ED5C8219C3ED7002B897C /* Build configuration list for PBXNativeTarget "XCode Extension" */;
			buildPhases = (
				F80ED5B6219C3ED6002B897C /* Sources */,
				F80ED5B7219C3ED6002B897C /* Frameworks */,
				F80ED5B8219C3ED6002B897C /* Resources */,
			);
			buildRules = (
			);
			dependencies = (
			);
			name = "XCode Extension";
			productName = "XCode Extension";
			productReference = F80ED5BA219C3ED6002B897C /* XCode Extension.appex */;
			productType = "com.apple.product-type.xcode-extension";
		};
/* End PBXNativeTarget section */

/* Begin PBXProject section */
		F80ED59D219C3EBE002B897C /* Project object */ = {
			isa = PBXProject;
			attributes = {
				LastSwiftUpdateCheck = 1000;
				LastUpgradeCheck = 1000;
				ORGANIZATIONNAME = "Usama Nasar";
				TargetAttributes = {
					F80ED5A4219C3EBE002B897C = {
						CreatedOnToolsVersion = 10.0;
					};
					F80ED5B9219C3ED6002B897C = {
						CreatedOnToolsVersion = 10.0;
					};
				};
			};
			buildConfigurationList = F80ED5A0219C3EBE002B897C /* Build configuration list for PBXProject "XCode XML Parser Extension" */;
			compatibilityVersion = "Xcode 9.3";
			developmentRegion = en;
			hasScannedForEncodings = 0;
			knownRegions = (
				en,
				Base,
			);
			mainGroup = F80ED59C219C3EBE002B897C;
			productRefGroup = F80ED5A6219C3EBE002B897C /* Products */;
			projectDirPath = "";
			projectRoot = "";
			targets = (
				F80ED5A4219C3EBE002B897C /* XCode XML Parser Extension */,
				F80ED5B9219C3ED6002B897C /* XCode Extension */,
			);
		};
/* End PBXProject section */

/* Begin PBXResourcesBuildPhase section */
		F80ED5A3219C3EBE002B897C /* Resources */ = {
			isa = PBXResourcesBuildPhase;
			buildActionMask = 2147483647;
			files = (
				F80ED5AB219C3EBE002B897C /* Assets.xcassets in Resources */,
				F80ED5AE219C3EBE002B897C /* MainMenu.xib in Resources */,
			);
			runOnlyForDeploymentPostprocessing = 0;
		};
		F80ED5B8219C3ED6002B897C /* Resources */ = {
			isa = PBXResourcesBuildPhase;
			buildActionMask = 2147483647;
			files = (
			);
			runOnlyForDeploymentPostprocessing = 0;
		};
/* End PBXResourcesBuildPhase section */

/* Begin PBXSourcesBuildPhase section */
		F80ED5A1219C3EBE002B897C /* Sources */ = {
			isa = PBXSourcesBuildPhase;
			buildActionMask = 2147483647;
			files = (
				F80ED5A9219C3EBE002B897C /* AppDelegate.swift in Sources */,
			);
			runOnlyForDeploymentPostprocessing = 0;
		};
		F80ED5B6219C3ED6002B897C /* Sources */ = {
			isa = PBXSourcesBuildPhase;
			buildActionMask = 2147483647;
			files = (
				F80ED5C0219C3ED7002B897C /* SourceEditorExtension.swift in Sources */,
				F80ED5C2219C3ED7002B897C /* SourceEditorCommand.swift in Sources */,
			);
			runOnlyForDeploymentPostprocessing = 0;
		};
/* End PBXSourcesBuildPhase section */

/* Begin PBXTargetDependency section */
		F80ED5C6219C3ED7002B897C /* PBXTargetDependency */ = {
			isa = PBXTargetDependency;
			target = F80ED5B9219C3ED6002B897C /* XCode Extension */;
			targetProxy = F80ED5C5219C3ED7002B897C /* PBXContainerItemProxy */;
		};
/* End PBXTargetDependency section */

/* Begin PBXVariantGroup section */
		F80ED5AC219C3EBE002B897C /* MainMenu.xib */ = {
			isa = PBXVariantGroup;
			children = (
				F80ED5AD219C3EBE002B897C /* Base */,
			);
			name = MainMenu.xib;
			sourceTree = "<group>";
		};
/* End PBXVariantGroup section */

/* Begin XCBuildConfiguration section */
		F80ED5B1219C3EBE002B897C /* Debug */ = {
			isa = XCBuildConfiguration;
			buildSettings = {
				ALWAYS_SEARCH_USER_PATHS = NO;
				CLANG_ANALYZER_NONNULL = YES;
				CLANG_ANALYZER_NUMBER_OBJECT_CONVERSION = YES_AGGRESSIVE;
				CLANG_CXX_LANGUAGE_STANDARD = "gnu++14";
				CLANG_CXX_LIBRARY = "libc++";
				CLANG_ENABLE_MODULES = YES;
				CLANG_ENABLE_OBJC_ARC = YES;
				CLANG_ENABLE_OBJC_WEAK = YES;
				CLANG_WARN_BLOCK_CAPTURE_AUTORELEASING = YES;
				CLANG_WARN_BOOL_CONVERSION = YES;
				CLANG_WARN_COMMA = YES;
				CLANG_WARN_CONSTANT_CONVERSION = YES;
				CLANG_WARN_DEPRECATED_OBJC_IMPLEMENTATIONS = YES;
				CLANG_WARN_DIRECT_OBJC_ISA_USAGE = YES_ERROR;
				CLANG_WARN_DOCUMENTATION_COMMENTS = YES;
				CLANG_WARN_EMPTY_BODY = YES;
				CLANG_WARN_ENUM_CONVERSION = YES;
				CLANG_WARN_INFINITE_RECURSION = YES;
				CLANG_WARN_INT_CONVERSION = YES;
				CLANG_WARN_NON_LITERAL_NULL_CONVERSION = YES;
				CLANG_WARN_OBJC_IMPLICIT_RETAIN_SELF = YES;
				CLANG_WARN_OBJC_LITERAL_CONVERSION = YES;
				CLANG_WARN_OBJC_ROOT_CLASS = YES_ERROR;
				CLANG_WARN_RANGE_LOOP_ANALYSIS = YES;
				CLANG_WARN_STRICT_PROTOTYPES = YES;
				CLANG_WARN_SUSPICIOUS_MOVE = YES;
				CLANG_WARN_UNGUARDED_AVAILABILITY = YES_AGGRESSIVE;
				CLANG_WARN_UNREACHABLE_CODE = YES;
				CLANG_WARN__DUPLICATE_METHOD_MATCH = YES;
				CODE_SIGN_IDENTITY = "Mac Developer";
				COPY_PHASE_STRIP = NO;
				DEBUG_INFORMATION_FORMAT = dwarf;
				ENABLE_STRICT_OBJC_MSGSEND = YES;
				ENABLE_TESTABILITY = YES;
				GCC_C_LANGUAGE_STANDARD = gnu11;
				GCC_DYNAMIC_NO_PIC = NO;
				GCC_NO_COMMON_BLOCKS = YES;
				GCC_OPTIMIZATION_LEVEL = 0;
				GCC_PREPROCESSOR_DEFINITIONS = (
					"DEBUG=1",
					"$(inherited)",
				);
				GCC_WARN_64_TO_32_BIT_CONVERSION = YES;
				GCC_WARN_ABOUT_RETURN_TYPE = YES_ERROR;
				GCC_WARN_UNDECLARED_SELECTOR = YES;
				GCC_WARN_UNINITIALIZED_AUTOS = YES_AGGRESSIVE;
				GCC_WARN_UNUSED_FUNCTION = YES;
				GCC_WARN_UNUSED_VARIABLE = YES;
				MACOSX_DEPLOYMENT_TARGET = 10.14;
				MTL_ENABLE_DEBUG_INFO = INCLUDE_SOURCE;
				MTL_FAST_MATH = YES;
				ONLY_ACTIVE_ARCH = YES;
				SDKROOT = macosx;
				SWIFT_ACTIVE_COMPILATION_CONDITIONS = DEBUG;
				SWIFT_OPTIMIZATION_LEVEL = "-Onone";
			};
			name = Debug;
		};
		F80ED5B2219C3EBE002B897C /* Release */ = {
			isa = XCBuildConfiguration;
			buildSettings = {
				ALWAYS_SEARCH_USER_PATHS = NO;
				CLANG_ANALYZER_NONNULL = YES;
				CLANG_ANALYZER_NUMBER_OBJECT_CONVERSION = YES_AGGRESSIVE;
				CLANG_CXX_LANGUAGE_STANDARD = "gnu++14";
				CLANG_CXX_LIBRARY = "libc++";
				CLANG_ENABLE_MODULES = YES;
				CLANG_ENABLE_OBJC_ARC = YES;
				CLANG_ENABLE_OBJC_WEAK = YES;
				CLANG_WARN_BLOCK_CAPTURE_AUTORELEASING = YES;
				CLANG_WARN_BOOL_CONVERSION = YES;
				CLANG_WARN_COMMA = YES;
				CLANG_WARN_CONSTANT_CONVERSION = YES;
				CLANG_WARN_DEPRECATED_OBJC_IMPLEMENTATIONS = YES;
				CLANG_WARN_DIRECT_OBJC_ISA_USAGE = YES_ERROR;
				CLANG_WARN_DOCUMENTATION_COMMENTS = YES;
				CLANG_WARN_EMPTY_BODY = YES;
				CLANG_WARN_ENUM_CONVERSION = YES;
				CLANG_WARN_INFINITE_RECURSION = YES;
				CLANG_WARN_INT_CONVERSION = YES;
				CLANG_WARN_NON_LITERAL_NULL_CONVERSION = YES;
				CLANG_WARN_OBJC_IMPLICIT_RETAIN_SELF = YES;
				CLANG_WARN_OBJC_LITERAL_CONVERSION = YES;
				CLANG_WARN_OBJC_ROOT_CLASS = YES_ERROR;
				CLANG_WARN_RANGE_LOOP_ANALYSIS = YES;
				CLANG_WARN_STRICT_PROTOTYPES = YES;
				CLANG_WARN_SUSPICIOUS_MOVE = YES;
				CLANG_WARN_UNGUARDED_AVAILABILITY = YES_AGGRESSIVE;
				CLANG_WARN_UNREACHABLE_CODE = YES;
				CLANG_WARN__DUPLICATE_METHOD_MATCH = YES;
				CODE_SIGN_IDENTITY = "Mac Developer";
				COPY_PHASE_STRIP = NO;
				DEBUG_INFORMATION_FORMAT = "dwarf-with-dsym";
				ENABLE_NS_ASSERTIONS = NO;
				ENABLE_STRICT_OBJC_MSGSEND = YES;
				GCC_C_LANGUAGE_STANDARD = gnu11;
				GCC_NO_COMMON_BLOCKS = YES;
				GCC_WARN_64_TO_32_BIT_CONVERSION = YES;
				GCC_WARN_ABOUT_RETURN_TYPE = YES_ERROR;
				GCC_WARN_UNDECLARED_SELECTOR = YES;
				GCC_WARN_UNINITIALIZED_AUTOS = YES_AGGRESSIVE;
				GCC_WARN_UNUSED_FUNCTION = YES;
				GCC_WARN_UNUSED_VARIABLE = YES;
				MACOSX_DEPLOYMENT_TARGET = 10.14;
				MTL_ENABLE_DEBUG_INFO = NO;
				MTL_FAST_MATH = YES;
				SDKROOT = macosx;
				SWIFT_COMPILATION_MODE = wholemodule;
				SWIFT_OPTIMIZATION_LEVEL = "-O";
			};
			name = Release;
		};
		F80ED5B4219C3EBE002B897C /* Debug */ = {
			isa = XCBuildConfiguration;
			buildSettings = {
				ALWAYS_EMBED_SWIFT_STANDARD_LIBRARIES = YES;
				ASSETCATALOG_COMPILER_APPICON_NAME = AppIcon;
				CODE_SIGN_ENTITLEMENTS = "XCode XML Parser Extension/XCode_XML_Parser_Extension.entitlements";
				CODE_SIGN_STYLE = Automatic;
				COMBINE_HIDPI_IMAGES = YES;
				DEVELOPMENT_TEAM = VQDWUV65C8;
				INFOPLIST_FILE = "XCode XML Parser Extension/Info.plist";
				LD_RUNPATH_SEARCH_PATHS = (
					"$(inherited)",
					"@executable_path/../Frameworks",
				);
				PRODUCT_BUNDLE_IDENTIFIER = "com.usamanasar.XCode-XML-Parser-Extension";
				PRODUCT_NAME = "$(TARGET_NAME)";
				SWIFT_VERSION = 4.2;
			};
			name = Debug;
		};
		F80ED5B5219C3EBE002B897C /* Release */ = {
			isa = XCBuildConfiguration;
			buildSettings = {
				ALWAYS_EMBED_SWIFT_STANDARD_LIBRARIES = YES;
				ASSETCATALOG_COMPILER_APPICON_NAME = AppIcon;
				CODE_SIGN_ENTITLEMENTS = "XCode XML Parser Extension/XCode_XML_Parser_Extension.entitlements";
				CODE_SIGN_STYLE = Automatic;
				COMBINE_HIDPI_IMAGES = YES;
				DEVELOPMENT_TEAM = VQDWUV65C8;
				INFOPLIST_FILE = "XCode XML Parser Extension/Info.plist";
				LD_RUNPATH_SEARCH_PATHS = (
					"$(inherited)",
					"@executable_path/../Frameworks",
				);
				PRODUCT_BUNDLE_IDENTIFIER = "com.usamanasar.XCode-XML-Parser-Extension";
				PRODUCT_NAME = "$(TARGET_NAME)";
				SWIFT_VERSION = 4.2;
			};
			name = Release;
		};
		F80ED5C9219C3ED7002B897C /* Debug */ = {
			isa = XCBuildConfiguration;
			buildSettings = {
				CODE_SIGN_ENTITLEMENTS = "XCode Extension/XCode_Extension.entitlements";
				CODE_SIGN_STYLE = Automatic;
				COMBINE_HIDPI_IMAGES = YES;
				DEVELOPMENT_TEAM = VQDWUV65C8;
				INFOPLIST_FILE = "XCode Extension/Info.plist";
				LD_RUNPATH_SEARCH_PATHS = (
					"$(inherited)",
					"@executable_path/../Frameworks",
					"@executable_path/../../../../Frameworks",
				);
				PRODUCT_BUNDLE_IDENTIFIER = "com.usamanasar.XCode-XML-Parser-Extension.XCode-Extension";
				PRODUCT_NAME = "$(TARGET_NAME)";
				SKIP_INSTALL = YES;
				SWIFT_VERSION = 4.2;
			};
			name = Debug;
		};
		F80ED5CA219C3ED7002B897C /* Release */ = {
			isa = XCBuildConfiguration;
			buildSettings = {
				CODE_SIGN_ENTITLEMENTS = "XCode Extension/XCode_Extension.entitlements";
				CODE_SIGN_STYLE = Automatic;
				COMBINE_HIDPI_IMAGES = YES;
				DEVELOPMENT_TEAM = VQDWUV65C8;
				INFOPLIST_FILE = "XCode Extension/Info.plist";
				LD_RUNPATH_SEARCH_PATHS = (
					"$(inherited)",
					"@executable_path/../Frameworks",
					"@executable_path/../../../../Frameworks",
				);
				PRODUCT_BUNDLE_IDENTIFIER = "com.usamanasar.XCode-XML-Parser-Extension.XCode-Extension";
				PRODUCT_NAME = "$(TARGET_NAME)";
				SKIP_INSTALL = YES;
				SWIFT_VERSION = 4.2;
			};
			name = Release;
		};
/* End XCBuildConfiguration section */

/* Begin XCConfigurationList section */
		F80ED5A0219C3EBE002B897C /* Build configuration list for PBXProject "XCode XML Parser Extension" */ = {
			isa = XCConfigurationList;
			buildConfigurations = (
				F80ED5B1219C3EBE002B897C /* Debug */,
				F80ED5B2219C3EBE002B897C /* Release */,
			);
			defaultConfigurationIsVisible = 0;
			defaultConfigurationName = Release;
		};
		F80ED5B3219C3EBE002B897C /* Build configuration list for PBXNativeTarget "XCode XML Parser Extension" */ = {
			isa = XCConfigurationList;
			buildConfigurations = (
				F80ED5B4219C3EBE002B897C /* Debug */,
				F80ED5B5219C3EBE002B897C /* Release */,
			);
			defaultConfigurationIsVisible = 0;
			defaultConfigurationName = Release;
		};
		F80ED5C8219C3ED7002B897C /* Build configuration list for PBXNativeTarget "XCode Extension" */ = {
			isa = XCConfigurationList;
			buildConfigurations = (
				F80ED5C9219C3ED7002B897C /* Debug */,
				F80ED5CA219C3ED7002B897C /* Release */,
			);
			defaultConfigurationIsVisible = 0;
			defaultConfigurationName = Release;
		};
/* End XCConfigurationList section */
	};
	rootObject = F80ED59D219C3EBE002B897C /* Project object */;
}
